
Microsoft Visual Studio Solution File, Format Version 12.00
# Visual Studio Version 16
VisualStudioVersion = 16.0.29709.97
MinimumVisualStudioVersion = 10.0.40219.1
Project("{FAE04EC0-301F-11D3-BF4B-00C04F79EFBC}") = "fidelizPlus_back", "fidelizPlus_back.csproj", "{EFDA1A4F-2947-40B8-8489-26A3811DC448}"
EndProject
Global
	GlobalSection(SolutionConfigurationPlatforms) = preSolution
		Debug|Any CPU = Debug|Any CPU
		Release|Any CPU = Release|Any CPU
	EndGlobalSection
	GlobalSection(ProjectConfigurationPlatforms) = postSolution
		{EFDA1A4F-2947-40B8-8489-26A3811DC448}.Debug|Any CPU.ActiveCfg = Debug|Any CPU
		{EFDA1A4F-2947-40B8-8489-26A3811DC448}.Debug|Any CPU.Build.0 = Debug|Any CPU
		{EFDA1A4F-2947-40B8-8489-26A3811DC448}.Release|Any CPU.ActiveCfg = Release|Any CPU
		{EFDA1A4F-2947-40B8-8489-26A3811DC448}.Release|Any CPU.Build.0 = Release|Any CPU
	EndGlobalSection
	GlobalSection(SolutionProperties) = preSolution
		HideSolutionNode = FALSE
	EndGlobalSection
	GlobalSection(ExtensibilityGlobals) = postSolution
		SolutionGuid = {AF2FE545-FAA1-4EBC-90D4-50768B2E5805}
	EndGlobalSection
EndGlobal
